
Microsoft Visual Studio Solution File, Format Version 12.00
# Visual Studio Version 16
VisualStudioVersion = 16.0.29709.97
MinimumVisualStudioVersion = 10.0.40219.1
Project("{FAE04EC0-301F-11D3-BF4B-00C04F79EFBC}") = "Registrationform", "Registrationform\Registrationform.csproj", "{5298C934-39EA-4956-B770-DCAF32C9E573}"
EndProject
Global
	GlobalSection(SolutionConfigurationPlatforms) = preSolution
		Debug|Any CPU = Debug|Any CPU
		Release|Any CPU = Release|Any CPU
	EndGlobalSection
	GlobalSection(ProjectConfigurationPlatforms) = postSolution
		{5298C934-39EA-4956-B770-DCAF32C9E573}.Debug|Any CPU.ActiveCfg = Debug|Any CPU
		{5298C934-39EA-4956-B770-DCAF32C9E573}.Debug|Any CPU.Build.0 = Debug|Any CPU
		{5298C934-39EA-4956-B770-DCAF32C9E573}.Release|Any CPU.ActiveCfg = Release|Any CPU
		{5298C934-39EA-4956-B770-DCAF32C9E573}.Release|Any CPU.Build.0 = Release|Any CPU
	EndGlobalSection
	GlobalSection(SolutionProperties) = preSolution
		HideSolutionNode = FALSE
	EndGlobalSection
	GlobalSection(ExtensibilityGlobals) = postSolution
		SolutionGuid = {55E296EF-4984-4278-A6CA-7589D9E87353}
	EndGlobalSection
EndGlobal
